
Microsoft Visual Studio Solution File, Format Version 12.00
# Visual Studio Version 16
VisualStudioVersion = 16.0.29728.190
MinimumVisualStudioVersion = 10.0.40219.1
Project("{9A19103F-16F7-4668-BE54-9A1E7A4F7556}") = "MarsRovers", "MarsRovers\MarsRovers.csproj", "{21DCC6A1-C7E7-4545-BF19-45254929D2B1}"
EndProject
Project("{FAE04EC0-301F-11D3-BF4B-00C04F79EFBC}") = "MarsRover.Test", "MarsRover.Test\MarsRover.Test.csproj", "{A1DDA8C8-D5C9-4425-A456-127EC6FF301E}"
EndProject
Global
	GlobalSection(SolutionConfigurationPlatforms) = preSolution
		Debug|Any CPU = Debug|Any CPU
		Release|Any CPU = Release|Any CPU
	EndGlobalSection
	GlobalSection(ProjectConfigurationPlatforms) = postSolution
		{21DCC6A1-C7E7-4545-BF19-45254929D2B1}.Debug|Any CPU.ActiveCfg = Debug|Any CPU
		{21DCC6A1-C7E7-4545-BF19-45254929D2B1}.Debug|Any CPU.Build.0 = Debug|Any CPU
		{21DCC6A1-C7E7-4545-BF19-45254929D2B1}.Release|Any CPU.ActiveCfg = Release|Any CPU
		{21DCC6A1-C7E7-4545-BF19-45254929D2B1}.Release|Any CPU.Build.0 = Release|Any CPU
		{A1DDA8C8-D5C9-4425-A456-127EC6FF301E}.Debug|Any CPU.ActiveCfg = Debug|Any CPU
		{A1DDA8C8-D5C9-4425-A456-127EC6FF301E}.Debug|Any CPU.Build.0 = Debug|Any CPU
		{A1DDA8C8-D5C9-4425-A456-127EC6FF301E}.Release|Any CPU.ActiveCfg = Release|Any CPU
		{A1DDA8C8-D5C9-4425-A456-127EC6FF301E}.Release|Any CPU.Build.0 = Release|Any CPU
	EndGlobalSection
	GlobalSection(SolutionProperties) = preSolution
		HideSolutionNode = FALSE
	EndGlobalSection
	GlobalSection(ExtensibilityGlobals) = postSolution
		SolutionGuid = {DD081504-BEC2-4E72-AD70-6B5D85D03B3B}
	EndGlobalSection
EndGlobal
